
Microsoft Visual Studio Solution File, Format Version 12.00
# Visual Studio Version 16
VisualStudioVersion = 25.0.1706.5
MinimumVisualStudioVersion = 10.0.40219.1
Project("{FAE04EC0-301F-11D3-BF4B-00C04F79EFBC}") = "TradePulse", "TradePulse\TradePulse.csproj", "{E5682D73-4A21-43AA-AC5C-AC1CA248A485}"
EndProject
Project("{2150E333-8FDC-42A3-9474-1A3956D46DE8}") = "src", "src", "{D34FE194-D410-4A3A-8B52-5E43B23AF8AE}"
EndProject
Project("{FAE04EC0-301F-11D3-BF4B-00C04F79EFBC}") = "Application", "Application\Application.csproj", "{C4E2D1DE-C41F-4CCE-B5F4-4930EF68894B}"
EndProject
Project("{FAE04EC0-301F-11D3-BF4B-00C04F79EFBC}") = "Domain", "Domain\Domain.csproj", "{10C8574A-BB05-4CCA-AB23-6FF2B7FDBC92}"
EndProject
Project("{E53339B2-1760-4266-BCC7-CA923CBCF16C}") = "docker-compose", "docker-compose.dcproj", "{BAEAA479-A3CF-4291-81D6-F91EE3A1772C}"
EndProject
Project("{FAE04EC0-301F-11D3-BF4B-00C04F79EFBC}") = "Infrastructure", "Infrastructure\Infrastructure.csproj", "{D1E96A59-2BA8-429C-A054-7368EE826286}"
EndProject
Project("{FAE04EC0-301F-11D3-BF4B-00C04F79EFBC}") = "IoC", "IoC\IoC.csproj", "{87284D7C-5045-4A85-811D-C4A38CC33E3D}"
EndProject
Project("{FAE04EC0-301F-11D3-BF4B-00C04F79EFBC}") = "OrderbookCollector", "OrderbookCollector\OrderbookCollector.csproj", "{1507B06F-C8B4-4284-9CEE-91337C12FD48}"
EndProject
Project("{FAE04EC0-301F-11D3-BF4B-00C04F79EFBC}") = "DataConsumer", "DataConsumer\DataConsumer.csproj", "{1FCA672B-E7B3-4AD5-8EAE-7D98106A135E}"
EndProject
Global
	GlobalSection(SolutionConfigurationPlatforms) = preSolution
		Debug|Any CPU = Debug|Any CPU
		Release|Any CPU = Release|Any CPU
	EndGlobalSection
	GlobalSection(ProjectConfigurationPlatforms) = postSolution
		{E5682D73-4A21-43AA-AC5C-AC1CA248A485}.Debug|Any CPU.ActiveCfg = Debug|Any CPU
		{E5682D73-4A21-43AA-AC5C-AC1CA248A485}.Debug|Any CPU.Build.0 = Debug|Any CPU
		{E5682D73-4A21-43AA-AC5C-AC1CA248A485}.Release|Any CPU.ActiveCfg = Release|Any CPU
		{E5682D73-4A21-43AA-AC5C-AC1CA248A485}.Release|Any CPU.Build.0 = Release|Any CPU
		{C4E2D1DE-C41F-4CCE-B5F4-4930EF68894B}.Debug|Any CPU.ActiveCfg = Debug|Any CPU
		{C4E2D1DE-C41F-4CCE-B5F4-4930EF68894B}.Debug|Any CPU.Build.0 = Debug|Any CPU
		{C4E2D1DE-C41F-4CCE-B5F4-4930EF68894B}.Release|Any CPU.ActiveCfg = Release|Any CPU
		{C4E2D1DE-C41F-4CCE-B5F4-4930EF68894B}.Release|Any CPU.Build.0 = Release|Any CPU
		{10C8574A-BB05-4CCA-AB23-6FF2B7FDBC92}.Debug|Any CPU.ActiveCfg = Debug|Any CPU
		{10C8574A-BB05-4CCA-AB23-6FF2B7FDBC92}.Debug|Any CPU.Build.0 = Debug|Any CPU
		{10C8574A-BB05-4CCA-AB23-6FF2B7FDBC92}.Release|Any CPU.ActiveCfg = Release|Any CPU
		{10C8574A-BB05-4CCA-AB23-6FF2B7FDBC92}.Release|Any CPU.Build.0 = Release|Any CPU
		{BAEAA479-A3CF-4291-81D6-F91EE3A1772C}.Debug|Any CPU.ActiveCfg = Debug|Any CPU
		{BAEAA479-A3CF-4291-81D6-F91EE3A1772C}.Debug|Any CPU.Build.0 = Debug|Any CPU
		{BAEAA479-A3CF-4291-81D6-F91EE3A1772C}.Release|Any CPU.ActiveCfg = Release|Any CPU
		{BAEAA479-A3CF-4291-81D6-F91EE3A1772C}.Release|Any CPU.Build.0 = Release|Any CPU
		{D1E96A59-2BA8-429C-A054-7368EE826286}.Debug|Any CPU.ActiveCfg = Debug|Any CPU
		{D1E96A59-2BA8-429C-A054-7368EE826286}.Debug|Any CPU.Build.0 = Debug|Any CPU
		{D1E96A59-2BA8-429C-A054-7368EE826286}.Release|Any CPU.ActiveCfg = Release|Any CPU
		{D1E96A59-2BA8-429C-A054-7368EE826286}.Release|Any CPU.Build.0 = Release|Any CPU
		{87284D7C-5045-4A85-811D-C4A38CC33E3D}.Debug|Any CPU.ActiveCfg = Debug|Any CPU
		{87284D7C-5045-4A85-811D-C4A38CC33E3D}.Debug|Any CPU.Build.0 = Debug|Any CPU
		{87284D7C-5045-4A85-811D-C4A38CC33E3D}.Release|Any CPU.ActiveCfg = Release|Any CPU
		{87284D7C-5045-4A85-811D-C4A38CC33E3D}.Release|Any CPU.Build.0 = Release|Any CPU
		{1507B06F-C8B4-4284-9CEE-91337C12FD48}.Debug|Any CPU.ActiveCfg = Debug|Any CPU
		{1507B06F-C8B4-4284-9CEE-91337C12FD48}.Debug|Any CPU.Build.0 = Debug|Any CPU
		{1507B06F-C8B4-4284-9CEE-91337C12FD48}.Release|Any CPU.ActiveCfg = Release|Any CPU
		{1507B06F-C8B4-4284-9CEE-91337C12FD48}.Release|Any CPU.Build.0 = Release|Any CPU
		{1FCA672B-E7B3-4AD5-8EAE-7D98106A135E}.Debug|Any CPU.ActiveCfg = Debug|Any CPU
		{1FCA672B-E7B3-4AD5-8EAE-7D98106A135E}.Debug|Any CPU.Build.0 = Debug|Any CPU
		{1FCA672B-E7B3-4AD5-8EAE-7D98106A135E}.Release|Any CPU.ActiveCfg = Release|Any CPU
		{1FCA672B-E7B3-4AD5-8EAE-7D98106A135E}.Release|Any CPU.Build.0 = Release|Any CPU
	EndGlobalSection
	GlobalSection(SolutionProperties) = preSolution
		HideSolutionNode = FALSE
	EndGlobalSection
	GlobalSection(ExtensibilityGlobals) = postSolution
		SolutionGuid = {9457720D-38FF-449A-9878-E094EA204426}
	EndGlobalSection
	GlobalSection(NestedProjects) = preSolution
		{C4E2D1DE-C41F-4CCE-B5F4-4930EF68894B} = {D34FE194-D410-4A3A-8B52-5E43B23AF8AE}
		{10C8574A-BB05-4CCA-AB23-6FF2B7FDBC92} = {D34FE194-D410-4A3A-8B52-5E43B23AF8AE}
		{D1E96A59-2BA8-429C-A054-7368EE826286} = {D34FE194-D410-4A3A-8B52-5E43B23AF8AE}
		{87284D7C-5045-4A85-811D-C4A38CC33E3D} = {D34FE194-D410-4A3A-8B52-5E43B23AF8AE}
	EndGlobalSection
EndGlobal
